
Microsoft Visual Studio Solution File, Format Version 12.00
Project("{FAE04EC0-301F-11D3-BF4B-00C04F79EFBC}") = "dr", "dr\dr.csproj", "{DAC0FA74-7F6B-466A-B862-73073FF6204D}"
EndProject
Global
	GlobalSection(SolutionConfigurationPlatforms) = preSolution
		Debug|Any CPU = Debug|Any CPU
		Release|Any CPU = Release|Any CPU
	EndGlobalSection
	GlobalSection(ProjectConfigurationPlatforms) = postSolution
		{DAC0FA74-7F6B-466A-B862-73073FF6204D}.Debug|Any CPU.ActiveCfg = Debug|Any CPU
		{DAC0FA74-7F6B-466A-B862-73073FF6204D}.Debug|Any CPU.Build.0 = Debug|Any CPU
		{DAC0FA74-7F6B-466A-B862-73073FF6204D}.Release|Any CPU.ActiveCfg = Release|Any CPU
		{DAC0FA74-7F6B-466A-B862-73073FF6204D}.Release|Any CPU.Build.0 = Release|Any CPU
	EndGlobalSection
EndGlobal
